
Microsoft Visual Studio Solution File, Format Version 12.00
# Visual Studio Version 17
VisualStudioVersion = 17.6.33829.357
MinimumVisualStudioVersion = 10.0.40219.1
Project("{FAE04EC0-301F-11D3-BF4B-00C04F79EFBC}") = "ImportDbLecher", "ImportDbLecher.csproj", "{08F08494-6241-4FDA-B037-68C09E6344B0}"
EndProject
Global
	GlobalSection(SolutionConfigurationPlatforms) = preSolution
		Debug|Any CPU = Debug|Any CPU
		Release|Any CPU = Release|Any CPU
	EndGlobalSection
	GlobalSection(ProjectConfigurationPlatforms) = postSolution
		{08F08494-6241-4FDA-B037-68C09E6344B0}.Debug|Any CPU.ActiveCfg = Debug|Any CPU
		{08F08494-6241-4FDA-B037-68C09E6344B0}.Debug|Any CPU.Build.0 = Debug|Any CPU
		{08F08494-6241-4FDA-B037-68C09E6344B0}.Release|Any CPU.ActiveCfg = Release|Any CPU
		{08F08494-6241-4FDA-B037-68C09E6344B0}.Release|Any CPU.Build.0 = Release|Any CPU
	EndGlobalSection
	GlobalSection(SolutionProperties) = preSolution
		HideSolutionNode = FALSE
	EndGlobalSection
	GlobalSection(ExtensibilityGlobals) = postSolution
		SolutionGuid = {73BE7E78-C9F9-4399-95E8-0551DD4A28C7}
	EndGlobalSection
EndGlobal
